<?xml version="1.0" encoding="utf-8"?>
<Project ToolsVersion="4.0" xmlns="http://schemas.microsoft.com/developer/msbuild/2003">
  <ItemGroup>
    <ClCompile Include="main.cpp" />
  </ItemGroup>
  <ItemGroup>
    <Filter Include="Tests">
      <UniqueIdentifier>{1a82b155-0fca-4ddb-9f20-f81f5b5588f3}</UniqueIdentifier>
    </Filter>
    <Filter Include="Catch">
      <UniqueIdentifier>{58933cee-5094-4035-93de-1947144fbb28}</UniqueIdentifier>
    </Filter>
  </ItemGroup>
  <ItemGroup>
    <ClInclude Include="TestUtils.h">
      <Filter>Tests</Filter>
    </ClInclude>
    <ClInclude Include="Catch.h">
      <Filter>Catch</Filter>
    </ClInclude>
  </ItemGroup>
</Project>